// !$*UTF8*$!
{
	archiveVersion = 1;
	classes = {
	};
	objectVersion = 50;
	objects = {

/* Begin PBXBuildFile section */
		3C17930723952BAF00208299 /* AppDelegate.swift in Sources */ = {isa = PBXBuildFile; fileRef = 3C17930623952BAF00208299 /* AppDelegate.swift */; };
		3C17930923952BAF00208299 /* ViewController.swift in Sources */ = {isa = PBXBuildFile; fileRef = 3C17930823952BAF00208299 /* ViewController.swift */; };
		3C17930C23952BAF00208299 /* Main.storyboard in Resources */ = {isa = PBXBuildFile; fileRef = 3C17930A23952BAF00208299 /* Main.storyboard */; };
		3C17930F23952BAF00208299 /* CoreDatacodable.xcdatamodeld in Sources */ = {isa = PBXBuildFile; fileRef = 3C17930D23952BAF00208299 /* CoreDatacodable.xcdatamodeld */; };
		3C17931123952BB100208299 /* Assets.xcassets in Resources */ = {isa = PBXBuildFile; fileRef = 3C17931023952BB100208299 /* Assets.xcassets */; };
		3C17931423952BB100208299 /* LaunchScreen.storyboard in Resources */ = {isa = PBXBuildFile; fileRef = 3C17931223952BB100208299 /* LaunchScreen.storyboard */; };
		3C17931F23952BB100208299 /* CoreDatacodableTests.swift in Sources */ = {isa = PBXBuildFile; fileRef = 3C17931E23952BB100208299 /* CoreDatacodableTests.swift */; };
		3C17932A23952BB100208299 /* CoreDatacodableUITests.swift in Sources */ = {isa = PBXBuildFile; fileRef = 3C17932923952BB100208299 /* CoreDatacodableUITests.swift */; };
/* End PBXBuildFile section */

/* Begin PBXContainerItemProxy section */
		3C17931B23952BB100208299 /* PBXContainerItemProxy */ = {
			isa = PBXContainerItemProxy;
			containerPortal = 3C1792FB23952BAF00208299 /* Project object */;
			proxyType = 1;
			remoteGlobalIDString = 3C17930223952BAF00208299;
			remoteInfo = CoreDatacodable;
		};
		3C17932623952BB100208299 /* PBXContainerItemProxy */ = {
			isa = PBXContainerItemProxy;
			containerPortal = 3C1792FB23952BAF00208299 /* Project object */;
			proxyType = 1;
			remoteGlobalIDString = 3C17930223952BAF00208299;
			remoteInfo = CoreDatacodable;
		};
/* End PBXContainerItemProxy section */

/* Begin PBXFileReference section */
		3C17930323952BAF00208299 /* CoreDatacodable.app */ = {isa = PBXFileReference; explicitFileType = wrapper.application; includeInIndex = 0; path = CoreDatacodable.app; sourceTree = BUILT_PRODUCTS_DIR; };
		3C17930623952BAF00208299 /* AppDelegate.swift */ = {isa = PBXFileReference; lastKnownFileType = sourcecode.swift; path = AppDelegate.swift; sourceTree = "<group>"; };
		3C17930823952BAF00208299 /* ViewController.swift */ = {isa = PBXFileReference; lastKnownFileType = sourcecode.swift; path = ViewController.swift; sourceTree = "<group>"; };
		3C17930B23952BAF00208299 /* Base */ = {isa = PBXFileReference; lastKnownFileType = file.storyboard; name = Base; path = Base.lproj/Main.storyboard; sourceTree = "<group>"; };
		3C17930E23952BAF00208299 /* CoreDatacodable.xcdatamodel */ = {isa = PBXFileReference; lastKnownFileType = wrapper.xcdatamodel; path = CoreDatacodable.xcdatamodel; sourceTree = "<group>"; };
		3C17931023952BB100208299 /* Assets.xcassets */ = {isa = PBXFileReference; lastKnownFileType = folder.assetcatalog; path = Assets.xcassets; sourceTree = "<group>"; };
		3C17931323952BB100208299 /* Base */ = {isa = PBXFileReference; lastKnownFileType = file.storyboard; name = Base; path = Base.lproj/LaunchScreen.storyboard; sourceTree = "<group>"; };
		3C17931523952BB100208299 /* Info.plist */ = {isa = PBXFileReference; lastKnownFileType = text.plist.xml; path = Info.plist; sourceTree = "<group>"; };
		3C17931A23952BB100208299 /* CoreDatacodableTests.xctest */ = {isa = PBXFileReference; explicitFileType = wrapper.cfbundle; includeInIndex = 0; path = CoreDatacodableTests.xctest; sourceTree = BUILT_PRODUCTS_DIR; };
		3C17931E23952BB100208299 /* CoreDatacodableTests.swift */ = {isa = PBXFileReference; lastKnownFileType = sourcecode.swift; path = CoreDatacodableTests.swift; sourceTree = "<group>"; };
		3C17932023952BB100208299 /* Info.plist */ = {isa = PBXFileReference; lastKnownFileType = text.plist.xml; path = Info.plist; sourceTree = "<group>"; };
		3C17932523952BB100208299 /* CoreDatacodableUITests.xctest */ = {isa = PBXFileReference; explicitFileType = wrapper.cfbundle; includeInIndex = 0; path = CoreDatacodableUITests.xctest; sourceTree = BUILT_PRODUCTS_DIR; };
		3C17932923952BB100208299 /* CoreDatacodableUITests.swift */ = {isa = PBXFileReference; lastKnownFileType = sourcecode.swift; path = CoreDatacodableUITests.swift; sourceTree = "<group>"; };
		3C17932B23952BB100208299 /* Info.plist */ = {isa = PBXFileReference; lastKnownFileType = text.plist.xml; path = Info.plist; sourceTree = "<group>"; };
/* End PBXFileReference section */

/* Begin PBXFrameworksBuildPhase section */
		3C17930023952BAF00208299 /* Frameworks */ = {
			isa = PBXFrameworksBuildPhase;
			buildActionMask = 2147483647;
			files = (
			);
			runOnlyForDeploymentPostprocessing = 0;
		};
		3C17931723952BB100208299 /* Frameworks */ = {
			isa = PBXFrameworksBuildPhase;
			buildActionMask = 2147483647;
			files = (
			);
			runOnlyForDeploymentPostprocessing = 0;
		};
		3C17932223952BB100208299 /* Frameworks */ = {
			isa = PBXFrameworksBuildPhase;
			buildActionMask = 2147483647;
			files = (
			);
			runOnlyForDeploymentPostprocessing = 0;
		};
/* End PBXFrameworksBuildPhase section */

/* Begin PBXGroup section */
		3C1792FA23952BAF00208299 = {
			isa = PBXGroup;
			children = (
				3C17930523952BAF00208299 /* CoreDatacodable */,
				3C17931D23952BB100208299 /* CoreDatacodableTests */,
				3C17932823952BB100208299 /* CoreDatacodableUITests */,
				3C17930423952BAF00208299 /* Products */,
			);
			sourceTree = "<group>";
		};
		3C17930423952BAF00208299 /* Products */ = {
			isa = PBXGroup;
			children = (
				3C17930323952BAF00208299 /* CoreDatacodable.app */,
				3C17931A23952BB100208299 /* CoreDatacodableTests.xctest */,
				3C17932523952BB100208299 /* CoreDatacodableUITests.xctest */,
			);
			name = Products;
			sourceTree = "<group>";
		};
		3C17930523952BAF00208299 /* CoreDatacodable */ = {
			isa = PBXGroup;
			children = (
				3C17930623952BAF00208299 /* AppDelegate.swift */,
				3C17930823952BAF00208299 /* ViewController.swift */,
				3C17930A23952BAF00208299 /* Main.storyboard */,
				3C17931023952BB100208299 /* Assets.xcassets */,
				3C17931223952BB100208299 /* LaunchScreen.storyboard */,
				3C17931523952BB100208299 /* Info.plist */,
				3C17930D23952BAF00208299 /* CoreDatacodable.xcdatamodeld */,
			);
			path = CoreDatacodable;
			sourceTree = "<group>";
		};
		3C17931D23952BB100208299 /* CoreDatacodableTests */ = {
			isa = PBXGroup;
			children = (
				3C17931E23952BB100208299 /* CoreDatacodableTests.swift */,
				3C17932023952BB100208299 /* Info.plist */,
			);
			path = CoreDatacodableTests;
			sourceTree = "<group>";
		};
		3C17932823952BB100208299 /* CoreDatacodableUITests */ = {
			isa = PBXGroup;
			children = (
				3C17932923952BB100208299 /* CoreDatacodableUITests.swift */,
				3C17932B23952BB100208299 /* Info.plist */,
			);
			path = CoreDatacodableUITests;
			sourceTree = "<group>";
		};
/* End PBXGroup section */

/* Begin PBXNativeTarget section */
		3C17930223952BAF00208299 /* CoreDatacodable */ = {
			isa = PBXNativeTarget;
			buildConfigurationList = 3C17932E23952BB100208299 /* Build configuration list for PBXNativeTarget "CoreDatacodable" */;
			buildPhases = (
				3C1792FF23952BAF00208299 /* Sources */,
				3C17930023952BAF00208299 /* Frameworks */,
				3C17930123952BAF00208299 /* Resources */,
			);
			buildRules = (
			);
			dependencies = (
			);
			name = CoreDatacodable;
			productName = CoreDatacodable;
			productReference = 3C17930323952BAF00208299 /* CoreDatacodable.app */;
			productType = "com.apple.product-type.application";
		};
		3C17931923952BB100208299 /* CoreDatacodableTests */ = {
			isa = PBXNativeTarget;
			buildConfigurationList = 3C17933123952BB100208299 /* Build configuration list for PBXNativeTarget "CoreDatacodableTests" */;
			buildPhases = (
				3C17931623952BB100208299 /* Sources */,
				3C17931723952BB100208299 /* Frameworks */,
				3C17931823952BB100208299 /* Resources */,
			);
			buildRules = (
			);
			dependencies = (
				3C17931C23952BB100208299 /* PBXTargetDependency */,
			);
			name = CoreDatacodableTests;
			productName = CoreDatacodableTests;
			productReference = 3C17931A23952BB100208299 /* CoreDatacodableTests.xctest */;
			productType = "com.apple.product-type.bundle.unit-test";
		};
		3C17932423952BB100208299 /* CoreDatacodableUITests */ = {
			isa = PBXNativeTarget;
			buildConfigurationList = 3C17933423952BB100208299 /* Build configuration list for PBXNativeTarget "CoreDatacodableUITests" */;
			buildPhases = (
				3C17932123952BB100208299 /* Sources */,
				3C17932223952BB100208299 /* Frameworks */,
				3C17932323952BB100208299 /* Resources */,
			);
			buildRules = (
			);
			dependencies = (
				3C17932723952BB100208299 /* PBXTargetDependency */,
			);
			name = CoreDatacodableUITests;
			productName = CoreDatacodableUITests;
			productReference = 3C17932523952BB100208299 /* CoreDatacodableUITests.xctest */;
			productType = "com.apple.product-type.bundle.ui-testing";
		};
/* End PBXNativeTarget section */

/* Begin PBXProject section */
		3C1792FB23952BAF00208299 /* Project object */ = {
			isa = PBXProject;
			attributes = {
				LastSwiftUpdateCheck = 1010;
				LastUpgradeCheck = 1010;
				ORGANIZATIONNAME = Test;
				TargetAttributes = {
					3C17930223952BAF00208299 = {
						CreatedOnToolsVersion = 10.1;
					};
					3C17931923952BB100208299 = {
						CreatedOnToolsVersion = 10.1;
						TestTargetID = 3C17930223952BAF00208299;
					};
					3C17932423952BB100208299 = {
						CreatedOnToolsVersion = 10.1;
						TestTargetID = 3C17930223952BAF00208299;
					};
				};
			};
			buildConfigurationList = 3C1792FE23952BAF00208299 /* Build configuration list for PBXProject "CoreDatacodable" */;
			compatibilityVersion = "Xcode 9.3";
			developmentRegion = en;
			hasScannedForEncodings = 0;
			knownRegions = (
				en,
				Base,
			);
			mainGroup = 3C1792FA23952BAF00208299;
			productRefGroup = 3C17930423952BAF00208299 /* Products */;
			projectDirPath = "";
			projectRoot = "";
			targets = (
				3C17930223952BAF00208299 /* CoreDatacodable */,
				3C17931923952BB100208299 /* CoreDatacodableTests */,
				3C17932423952BB100208299 /* CoreDatacodableUITests */,
			);
		};
/* End PBXProject section */

/* Begin PBXResourcesBuildPhase section */
		3C17930123952BAF00208299 /* Resources */ = {
			isa = PBXResourcesBuildPhase;
			buildActionMask = 2147483647;
			files = (
				3C17931423952BB100208299 /* LaunchScreen.storyboard in Resources */,
				3C17931123952BB100208299 /* Assets.xcassets in Resources */,
				3C17930C23952BAF00208299 /* Main.storyboard in Resources */,
			);
			runOnlyForDeploymentPostprocessing = 0;
		};
		3C17931823952BB100208299 /* Resources */ = {
			isa = PBXResourcesBuildPhase;
			buildActionMask = 2147483647;
			files = (
			);
			runOnlyForDeploymentPostprocessing = 0;
		};
		3C17932323952BB100208299 /* Resources */ = {
			isa = PBXResourcesBuildPhase;
			buildActionMask = 2147483647;
			files = (
			);
			runOnlyForDeploymentPostprocessing = 0;
		};
/* End PBXResourcesBuildPhase section */

/* Begin PBXSourcesBuildPhase section */
		3C1792FF23952BAF00208299 /* Sources */ = {
			isa = PBXSourcesBuildPhase;
			buildActionMask = 2147483647;
			files = (
				3C17930F23952BAF00208299 /* CoreDatacodable.xcdatamodeld in Sources */,
				3C17930923952BAF00208299 /* ViewController.swift in Sources */,
				3C17930723952BAF00208299 /* AppDelegate.swift in Sources */,
			);
			runOnlyForDeploymentPostprocessing = 0;
		};
		3C17931623952BB100208299 /* Sources */ = {
			isa = PBXSourcesBuildPhase;
			buildActionMask = 2147483647;
			files = (
				3C17931F23952BB100208299 /* CoreDatacodableTests.swift in Sources */,
			);
			runOnlyForDeploymentPostprocessing = 0;
		};
		3C17932123952BB100208299 /* Sources */ = {
			isa = PBXSourcesBuildPhase;
			buildActionMask = 2147483647;
			files = (
				3C17932A23952BB100208299 /* CoreDatacodableUITests.swift in Sources */,
			);
			runOnlyForDeploymentPostprocessing = 0;
		};
/* End PBXSourcesBuildPhase section */

/* Begin PBXTargetDependency section */
		3C17931C23952BB100208299 /* PBXTargetDependency */ = {
			isa = PBXTargetDependency;
			target = 3C17930223952BAF00208299 /* CoreDatacodable */;
			targetProxy = 3C17931B23952BB100208299 /* PBXContainerItemProxy */;
		};
		3C17932723952BB100208299 /* PBXTargetDependency */ = {
			isa = PBXTargetDependency;
			target = 3C17930223952BAF00208299 /* CoreDatacodable */;
			targetProxy = 3C17932623952BB100208299 /* PBXContainerItemProxy */;
		};
/* End PBXTargetDependency section */

/* Begin PBXVariantGroup section */
		3C17930A23952BAF00208299 /* Main.storyboard */ = {
			isa = PBXVariantGroup;
			children = (
				3C17930B23952BAF00208299 /* Base */,
			);
			name = Main.storyboard;
			sourceTree = "<group>";
		};
		3C17931223952BB100208299 /* LaunchScreen.storyboard */ = {
			isa = PBXVariantGroup;
			children = (
				3C17931323952BB100208299 /* Base */,
			);
			name = LaunchScreen.storyboard;
			sourceTree = "<group>";
		};
/* End PBXVariantGroup section */

/* Begin XCBuildConfiguration section */
		3C17932C23952BB100208299 /* Debug */ = {
			isa = XCBuildConfiguration;
			buildSettings = {
				ALWAYS_SEARCH_USER_PATHS = NO;
				CLANG_ANALYZER_NONNULL = YES;
				CLANG_ANALYZER_NUMBER_OBJECT_CONVERSION = YES_AGGRESSIVE;
				CLANG_CXX_LANGUAGE_STANDARD = "gnu++14";
				CLANG_CXX_LIBRARY = "libc++";
				CLANG_ENABLE_MODULES = YES;
				CLANG_ENABLE_OBJC_ARC = YES;
				CLANG_ENABLE_OBJC_WEAK = YES;
				CLANG_WARN_BLOCK_CAPTURE_AUTORELEASING = YES;
				CLANG_WARN_BOOL_CONVERSION = YES;
				CLANG_WARN_COMMA = YES;
				CLANG_WARN_CONSTANT_CONVERSION = YES;
				CLANG_WARN_DEPRECATED_OBJC_IMPLEMENTATIONS = YES;
				CLANG_WARN_DIRECT_OBJC_ISA_USAGE = YES_ERROR;
				CLANG_WARN_DOCUMENTATION_COMMENTS = YES;
				CLANG_WARN_EMPTY_BODY = YES;
				CLANG_WARN_ENUM_CONVERSION = YES;
				CLANG_WARN_INFINITE_RECURSION = YES;
				CLANG_WARN_INT_CONVERSION = YES;
				CLANG_WARN_NON_LITERAL_NULL_CONVERSION = YES;
				CLANG_WARN_OBJC_IMPLICIT_RETAIN_SELF = YES;
				CLANG_WARN_OBJC_LITERAL_CONVERSION = YES;
				CLANG_WARN_OBJC_ROOT_CLASS = YES_ERROR;
				CLANG_WARN_RANGE_LOOP_ANALYSIS = YES;
				CLANG_WARN_STRICT_PROTOTYPES = YES;
				CLANG_WARN_SUSPICIOUS_MOVE = YES;
				CLANG_WARN_UNGUARDED_AVAILABILITY = YES_AGGRESSIVE;
				CLANG_WARN_UNREACHABLE_CODE = YES;
				CLANG_WARN__DUPLICATE_METHOD_MATCH = YES;
				CODE_SIGN_IDENTITY = "iPhone Developer";
				COPY_PHASE_STRIP = NO;
				DEBUG_INFORMATION_FORMAT = dwarf;
				ENABLE_STRICT_OBJC_MSGSEND = YES;
				ENABLE_TESTABILITY = YES;
				GCC_C_LANGUAGE_STANDARD = gnu11;
				GCC_DYNAMIC_NO_PIC = NO;
				GCC_NO_COMMON_BLOCKS = YES;
				GCC_OPTIMIZATION_LEVEL = 0;
				GCC_PREPROCESSOR_DEFINITIONS = (
					"DEBUG=1",
					"$(inherited)",
				);
				GCC_WARN_64_TO_32_BIT_CONVERSION = YES;
				GCC_WARN_ABOUT_RETURN_TYPE = YES_ERROR;
				GCC_WARN_UNDECLARED_SELECTOR = YES;
				GCC_WARN_UNINITIALIZED_AUTOS = YES_AGGRESSIVE;
				GCC_WARN_UNUSED_FUNCTION = YES;
				GCC_WARN_UNUSED_VARIABLE = YES;
				IPHONEOS_DEPLOYMENT_TARGET = 12.1;
				MTL_ENABLE_DEBUG_INFO = INCLUDE_SOURCE;
				MTL_FAST_MATH = YES;
				ONLY_ACTIVE_ARCH = YES;
				SDKROOT = iphoneos;
				SWIFT_ACTIVE_COMPILATION_CONDITIONS = DEBUG;
				SWIFT_OPTIMIZATION_LEVEL = "-Onone";
			};
			name = Debug;
		};
		3C17932D23952BB100208299 /* Release */ = {
			isa = XCBuildConfiguration;
			buildSettings = {
				ALWAYS_SEARCH_USER_PATHS = NO;
				CLANG_ANALYZER_NONNULL = YES;
				CLANG_ANALYZER_NUMBER_OBJECT_CONVERSION = YES_AGGRESSIVE;
				CLANG_CXX_LANGUAGE_STANDARD = "gnu++14";
				CLANG_CXX_LIBRARY = "libc++";
				CLANG_ENABLE_MODULES = YES;
				CLANG_ENABLE_OBJC_ARC = YES;
				CLANG_ENABLE_OBJC_WEAK = YES;
				CLANG_WARN_BLOCK_CAPTURE_AUTORELEASING = YES;
				CLANG_WARN_BOOL_CONVERSION = YES;
				CLANG_WARN_COMMA = YES;
				CLANG_WARN_CONSTANT_CONVERSION = YES;
				CLANG_WARN_DEPRECATED_OBJC_IMPLEMENTATIONS = YES;
				CLANG_WARN_DIRECT_OBJC_ISA_USAGE = YES_ERROR;
				CLANG_WARN_DOCUMENTATION_COMMENTS = YES;
				CLANG_WARN_EMPTY_BODY = YES;
				CLANG_WARN_ENUM_CONVERSION = YES;
				CLANG_WARN_INFINITE_RECURSION = YES;
				CLANG_WARN_INT_CONVERSION = YES;
				CLANG_WARN_NON_LITERAL_NULL_CONVERSION = YES;
				CLANG_WARN_OBJC_IMPLICIT_RETAIN_SELF = YES;
				CLANG_WARN_OBJC_LITERAL_CONVERSION = YES;
				CLANG_WARN_OBJC_ROOT_CLASS = YES_ERROR;
				CLANG_WARN_RANGE_LOOP_ANALYSIS = YES;
				CLANG_WARN_STRICT_PROTOTYPES = YES;
				CLANG_WARN_SUSPICIOUS_MOVE = YES;
				CLANG_WARN_UNGUARDED_AVAILABILITY = YES_AGGRESSIVE;
				CLANG_WARN_UNREACHABLE_CODE = YES;
				CLANG_WARN__DUPLICATE_METHOD_MATCH = YES;
				CODE_SIGN_IDENTITY = "iPhone Developer";
				COPY_PHASE_STRIP = NO;
				DEBUG_INFORMATION_FORMAT = "dwarf-with-dsym";
				ENABLE_NS_ASSERTIONS = NO;
				ENABLE_STRICT_OBJC_MSGSEND = YES;
				GCC_C_LANGUAGE_STANDARD = gnu11;
				GCC_NO_COMMON_BLOCKS = YES;
				GCC_WARN_64_TO_32_BIT_CONVERSION = YES;
				GCC_WARN_ABOUT_RETURN_TYPE = YES_ERROR;
				GCC_WARN_UNDECLARED_SELECTOR = YES;
				GCC_WARN_UNINITIALIZED_AUTOS = YES_AGGRESSIVE;
				GCC_WARN_UNUSED_FUNCTION = YES;
				GCC_WARN_UNUSED_VARIABLE = YES;
				IPHONEOS_DEPLOYMENT_TARGET = 12.1;
				MTL_ENABLE_DEBUG_INFO = NO;
				MTL_FAST_MATH = YES;
				SDKROOT = iphoneos;
				SWIFT_COMPILATION_MODE = wholemodule;
				SWIFT_OPTIMIZATION_LEVEL = "-O";
				VALIDATE_PRODUCT = YES;
			};
			name = Release;
		};
		3C17932F23952BB100208299 /* Debug */ = {
			isa = XCBuildConfiguration;
			buildSettings = {
				ASSETCATALOG_COMPILER_APPICON_NAME = AppIcon;
				CODE_SIGN_STYLE = Automatic;
				INFOPLIST_FILE = CoreDatacodable/Info.plist;
				LD_RUNPATH_SEARCH_PATHS = (
					"$(inherited)",
					"@executable_path/Frameworks",
				);
				PRODUCT_BUNDLE_IDENTIFIER = com.Shigas.CoreDatacodable;
				PRODUCT_NAME = "$(TARGET_NAME)";
				SWIFT_VERSION = 4.2;
				TARGETED_DEVICE_FAMILY = "1,2";
			};
			name = Debug;
		};
		3C17933023952BB100208299 /* Release */ = {
			isa = XCBuildConfiguration;
			buildSettings = {
				ASSETCATALOG_COMPILER_APPICON_NAME = AppIcon;
				CODE_SIGN_STYLE = Automatic;
				INFOPLIST_FILE = CoreDatacodable/Info.plist;
				LD_RUNPATH_SEARCH_PATHS = (
					"$(inherited)",
					"@executable_path/Frameworks",
				);
				PRODUCT_BUNDLE_IDENTIFIER = com.Shigas.CoreDatacodable;
				PRODUCT_NAME = "$(TARGET_NAME)";
				SWIFT_VERSION = 4.2;
				TARGETED_DEVICE_FAMILY = "1,2";
			};
			name = Release;
		};
		3C17933223952BB100208299 /* Debug */ = {
			isa = XCBuildConfiguration;
			buildSettings = {
				ALWAYS_EMBED_SWIFT_STANDARD_LIBRARIES = YES;
				BUNDLE_LOADER = "$(TEST_HOST)";
				CODE_SIGN_STYLE = Automatic;
				INFOPLIST_FILE = CoreDatacodableTests/Info.plist;
				LD_RUNPATH_SEARCH_PATHS = (
					"$(inherited)",
					"@executable_path/Frameworks",
					"@loader_path/Frameworks",
				);
				PRODUCT_BUNDLE_IDENTIFIER = com.Shigas.CoreDatacodableTests;
				PRODUCT_NAME = "$(TARGET_NAME)";
				SWIFT_VERSION = 4.2;
				TARGETED_DEVICE_FAMILY = "1,2";
				TEST_HOST = "$(BUILT_PRODUCTS_DIR)/CoreDatacodable.app/CoreDatacodable";
			};
			name = Debug;
		};
		3C17933323952BB100208299 /* Release */ = {
			isa = XCBuildConfiguration;
			buildSettings = {
				ALWAYS_EMBED_SWIFT_STANDARD_LIBRARIES = YES;
				BUNDLE_LOADER = "$(TEST_HOST)";
				CODE_SIGN_STYLE = Automatic;
				INFOPLIST_FILE = CoreDatacodableTests/Info.plist;
				LD_RUNPATH_SEARCH_PATHS = (
					"$(inherited)",
					"@executable_path/Frameworks",
					"@loader_path/Frameworks",
				);
				PRODUCT_BUNDLE_IDENTIFIER = com.Shigas.CoreDatacodableTests;
				PRODUCT_NAME = "$(TARGET_NAME)";
				SWIFT_VERSION = 4.2;
				TARGETED_DEVICE_FAMILY = "1,2";
				TEST_HOST = "$(BUILT_PRODUCTS_DIR)/CoreDatacodable.app/CoreDatacodable";
			};
			name = Release;
		};
		3C17933523952BB100208299 /* Debug */ = {
			isa = XCBuildConfiguration;
			buildSettings = {
				ALWAYS_EMBED_SWIFT_STANDARD_LIBRARIES = YES;
				CODE_SIGN_STYLE = Automatic;
				INFOPLIST_FILE = CoreDatacodableUITests/Info.plist;
				LD_RUNPATH_SEARCH_PATHS = (
					"$(inherited)",
					"@executable_path/Frameworks",
					"@loader_path/Frameworks",
				);
				PRODUCT_BUNDLE_IDENTIFIER = com.Shigas.CoreDatacodableUITests;
				PRODUCT_NAME = "$(TARGET_NAME)";
				SWIFT_VERSION = 4.2;
				TARGETED_DEVICE_FAMILY = "1,2";
				TEST_TARGET_NAME = CoreDatacodable;
			};
			name = Debug;
		};
		3C17933623952BB100208299 /* Release */ = {
			isa = XCBuildConfiguration;
			buildSettings = {
				ALWAYS_EMBED_SWIFT_STANDARD_LIBRARIES = YES;
				CODE_SIGN_STYLE = Automatic;
				INFOPLIST_FILE = CoreDatacodableUITests/Info.plist;
				LD_RUNPATH_SEARCH_PATHS = (
					"$(inherited)",
					"@executable_path/Frameworks",
					"@loader_path/Frameworks",
				);
				PRODUCT_BUNDLE_IDENTIFIER = com.Shigas.CoreDatacodableUITests;
				PRODUCT_NAME = "$(TARGET_NAME)";
				SWIFT_VERSION = 4.2;
				TARGETED_DEVICE_FAMILY = "1,2";
				TEST_TARGET_NAME = CoreDatacodable;
			};
			name = Release;
		};
/* End XCBuildConfiguration section */

/* Begin XCConfigurationList section */
		3C1792FE23952BAF00208299 /* Build configuration list for PBXProject "CoreDatacodable" */ = {
			isa = XCConfigurationList;
			buildConfigurations = (
				3C17932C23952BB100208299 /* Debug */,
				3C17932D23952BB100208299 /* Release */,
			);
			defaultConfigurationIsVisible = 0;
			defaultConfigurationName = Release;
		};
		3C17932E23952BB100208299 /* Build configuration list for PBXNativeTarget "CoreDatacodable" */ = {
			isa = XCConfigurationList;
			buildConfigurations = (
				3C17932F23952BB100208299 /* Debug */,
				3C17933023952BB100208299 /* Release */,
			);
			defaultConfigurationIsVisible = 0;
			defaultConfigurationName = Release;
		};
		3C17933123952BB100208299 /* Build configuration list for PBXNativeTarget "CoreDatacodableTests" */ = {
			isa = XCConfigurationList;
			buildConfigurations = (
				3C17933223952BB100208299 /* Debug */,
				3C17933323952BB100208299 /* Release */,
			);
			defaultConfigurationIsVisible = 0;
			defaultConfigurationName = Release;
		};
		3C17933423952BB100208299 /* Build configuration list for PBXNativeTarget "CoreDatacodableUITests" */ = {
			isa = XCConfigurationList;
			buildConfigurations = (
				3C17933523952BB100208299 /* Debug */,
				3C17933623952BB100208299 /* Release */,
			);
			defaultConfigurationIsVisible = 0;
			defaultConfigurationName = Release;
		};
/* End XCConfigurationList section */

/* Begin XCVersionGroup section */
		3C17930D23952BAF00208299 /* CoreDatacodable.xcdatamodeld */ = {
			isa = XCVersionGroup;
			children = (
				3C17930E23952BAF00208299 /* CoreDatacodable.xcdatamodel */,
			);
			currentVersion = 3C17930E23952BAF00208299 /* CoreDatacodable.xcdatamodel */;
			path = CoreDatacodable.xcdatamodeld;
			sourceTree = "<group>";
			versionGroupType = wrapper.xcdatamodel;
		};
/* End XCVersionGroup section */
	};
	rootObject = 3C1792FB23952BAF00208299 /* Project object */;
}
